
Microsoft Visual Studio Solution File, Format Version 12.00
# Visual Studio 2013
VisualStudioVersion = 12.0.21005.1
MinimumVisualStudioVersion = 10.0.40219.1
Project("{2150E333-8FDC-42A3-9474-1A3956D46DE8}") = ".nuget", ".nuget", "{D0C78E1F-ACA3-4789-9646-C48561A22B76}"
	ProjectSection(SolutionItems) = preProject
		.nuget\NuGet.Config = .nuget\NuGet.Config
		.nuget\NuGet.exe = .nuget\NuGet.exe
		.nuget\NuGet.targets = .nuget\NuGet.targets
	EndProjectSection
EndProject
Project("{FAE04EC0-301F-11D3-BF4B-00C04F79EFBC}") = "ProtonAnalytics.Web", "ProtonAnalytics.Web\ProtonAnalytics.Web.csproj", "{882BAB7B-7DF7-4FDF-ACD9-4AC5FF4B2E37}"
EndProject
Project("{FAE04EC0-301F-11D3-BF4B-00C04F79EFBC}") = "ProtonAnalytics.Web.SystemTests", "ProtonAnalytics.Web.SystemTests\ProtonAnalytics.Web.SystemTests.csproj", "{7DC9A008-DD42-44D6-BDFC-B1776B6AAB10}"
EndProject
Project("{FAE04EC0-301F-11D3-BF4B-00C04F79EFBC}") = "Ingot", "Ingot\Ingot.csproj", "{3E48F5D8-C4EC-4012-85BA-5F73EF7E4AD0}"
EndProject
Global
	GlobalSection(SolutionConfigurationPlatforms) = preSolution
		Debug|Any CPU = Debug|Any CPU
		Release|Any CPU = Release|Any CPU
	EndGlobalSection
	GlobalSection(ProjectConfigurationPlatforms) = postSolution
		{882BAB7B-7DF7-4FDF-ACD9-4AC5FF4B2E37}.Debug|Any CPU.ActiveCfg = Debug|Any CPU
		{882BAB7B-7DF7-4FDF-ACD9-4AC5FF4B2E37}.Debug|Any CPU.Build.0 = Debug|Any CPU
		{882BAB7B-7DF7-4FDF-ACD9-4AC5FF4B2E37}.Release|Any CPU.ActiveCfg = Release|Any CPU
		{882BAB7B-7DF7-4FDF-ACD9-4AC5FF4B2E37}.Release|Any CPU.Build.0 = Release|Any CPU
		{7DC9A008-DD42-44D6-BDFC-B1776B6AAB10}.Debug|Any CPU.ActiveCfg = Debug|Any CPU
		{7DC9A008-DD42-44D6-BDFC-B1776B6AAB10}.Debug|Any CPU.Build.0 = Debug|Any CPU
		{7DC9A008-DD42-44D6-BDFC-B1776B6AAB10}.Release|Any CPU.ActiveCfg = Release|Any CPU
		{7DC9A008-DD42-44D6-BDFC-B1776B6AAB10}.Release|Any CPU.Build.0 = Release|Any CPU
		{3E48F5D8-C4EC-4012-85BA-5F73EF7E4AD0}.Debug|Any CPU.ActiveCfg = Debug|Any CPU
		{3E48F5D8-C4EC-4012-85BA-5F73EF7E4AD0}.Debug|Any CPU.Build.0 = Debug|Any CPU
		{3E48F5D8-C4EC-4012-85BA-5F73EF7E4AD0}.Release|Any CPU.ActiveCfg = Release|Any CPU
		{3E48F5D8-C4EC-4012-85BA-5F73EF7E4AD0}.Release|Any CPU.Build.0 = Release|Any CPU
	EndGlobalSection
	GlobalSection(SolutionProperties) = preSolution
		HideSolutionNode = FALSE
	EndGlobalSection
EndGlobal
